// !$*UTF8*$!
{
	archiveVersion = 1;
	classes = {
	};
	objectVersion = 77;
	objects = {

/* Begin PBXContainerItemProxy section */
		9895F7F22F32397800E67C62 /* PBXContainerItemProxy */ = {
			isa = PBXContainerItemProxy;
			containerPortal = 9895F7DA2F32397600E67C62 /* Project object */;
			proxyType = 1;
			remoteGlobalIDString = 9895F7E12F32397600E67C62;
			remoteInfo = quicker;
		};
		9895F7FC2F32397800E67C62 /* PBXContainerItemProxy */ = {
			isa = PBXContainerItemProxy;
			containerPortal = 9895F7DA2F32397600E67C62 /* Project object */;
			proxyType = 1;
			remoteGlobalIDString = 9895F7E12F32397600E67C62;
			remoteInfo = quicker;
		};
/* End PBXContainerItemProxy section */

/* Begin PBXFileReference section */
		9895F7E22F32397600E67C62 /* quicker.app */ = {isa = PBXFileReference; explicitFileType = wrapper.application; includeInIndex = 0; path = quicker.app; sourceTree = BUILT_PRODUCTS_DIR; };
		9895F7F12F32397800E67C62 /* quickerTests.xctest */ = {isa = PBXFileReference; explicitFileType = wrapper.cfbundle; includeInIndex = 0; path = quickerTests.xctest; sourceTree = BUILT_PRODUCTS_DIR; };
		9895F7FB2F32397800E67C62 /* quickerUITests.xctest */ = {isa = PBXFileReference; explicitFileType = wrapper.cfbundle; includeInIndex = 0; path = quickerUITests.xctest; sourceTree = BUILT_PRODUCTS_DIR; };
/* End PBXFileReference section */

/* Begin PBXFileSystemSynchronizedRootGroup section */
		9895F7E42F32397600E67C62 /* quicker */ = {
			isa = PBXFileSystemSynchronizedRootGroup;
			path = quicker;
			sourceTree = "<group>";
		};
		9895F7F42F32397800E67C62 /* quickerTests */ = {
			isa = PBXFileSystemSynchronizedRootGroup;
			path = quickerTests;
			sourceTree = "<group>";
		};
		9895F7FE2F32397800E67C62 /* quickerUITests */ = {
			isa = PBXFileSystemSynchronizedRootGroup;
			path = quickerUITests;
			sourceTree = "<group>";
		};
/* End PBXFileSystemSynchronizedRootGroup section */

/* Begin PBXFrameworksBuildPhase section */
		9895F7DF2F32397600E67C62 /* Frameworks */ = {
			isa = PBXFrameworksBuildPhase;
			buildActionMask = 2147483647;
			files = (
			);
			runOnlyForDeploymentPostprocessing = 0;
		};
		9895F7EE2F32397800E67C62 /* Frameworks */ = {
			isa = PBXFrameworksBuildPhase;
			buildActionMask = 2147483647;
			files = (
			);
			runOnlyForDeploymentPostprocessing = 0;
		};
		9895F7F82F32397800E67C62 /* Frameworks */ = {
			isa = PBXFrameworksBuildPhase;
			buildActionMask = 2147483647;
			files = (
			);
			runOnlyForDeploymentPostprocessing = 0;
		};
/* End PBXFrameworksBuildPhase section */

/* Begin PBXGroup section */
		9895F7D92F32397600E67C62 = {
			isa = PBXGroup;
			children = (
				9895F7E42F32397600E67C62 /* quicker */,
				9895F7F42F32397800E67C62 /* quickerTests */,
				9895F7FE2F32397800E67C62 /* quickerUITests */,
				9895F7E32F32397600E67C62 /* Products */,
			);
			sourceTree = "<group>";
		};
		9895F7E32F32397600E67C62 /* Products */ = {
			isa = PBXGroup;
			children = (
				9895F7E22F32397600E67C62 /* quicker.app */,
				9895F7F12F32397800E67C62 /* quickerTests.xctest */,
				9895F7FB2F32397800E67C62 /* quickerUITests.xctest */,
			);
			name = Products;
			sourceTree = "<group>";
		};
/* End PBXGroup section */

/* Begin PBXNativeTarget section */
		9895F7E12F32397600E67C62 /* quicker */ = {
			isa = PBXNativeTarget;
			buildConfigurationList = 9895F8052F32397800E67C62 /* Build configuration list for PBXNativeTarget "quicker" */;
			buildPhases = (
				9895F7DE2F32397600E67C62 /* Sources */,
				9895F7DF2F32397600E67C62 /* Frameworks */,
				9895F7E02F32397600E67C62 /* Resources */,
			);
			buildRules = (
			);
			dependencies = (
			);
			fileSystemSynchronizedGroups = (
				9895F7E42F32397600E67C62 /* quicker */,
			);
			name = quicker;
			packageProductDependencies = (
			);
			productName = quicker;
			productReference = 9895F7E22F32397600E67C62 /* quicker.app */;
			productType = "com.apple.product-type.application";
		};
		9895F7F02F32397800E67C62 /* quickerTests */ = {
			isa = PBXNativeTarget;
			buildConfigurationList = 9895F8082F32397800E67C62 /* Build configuration list for PBXNativeTarget "quickerTests" */;
			buildPhases = (
				9895F7ED2F32397800E67C62 /* Sources */,
				9895F7EE2F32397800E67C62 /* Frameworks */,
				9895F7EF2F32397800E67C62 /* Resources */,
			);
			buildRules = (
			);
			dependencies = (
				9895F7F32F32397800E67C62 /* PBXTargetDependency */,
			);
			fileSystemSynchronizedGroups = (
				9895F7F42F32397800E67C62 /* quickerTests */,
			);
			name = quickerTests;
			packageProductDependencies = (
			);
			productName = quickerTests;
			productReference = 9895F7F12F32397800E67C62 /* quickerTests.xctest */;
			productType = "com.apple.product-type.bundle.unit-test";
		};
		9895F7FA2F32397800E67C62 /* quickerUITests */ = {
			isa = PBXNativeTarget;
			buildConfigurationList = 9895F80B2F32397800E67C62 /* Build configuration list for PBXNativeTarget "quickerUITests" */;
			buildPhases = (
				9895F7F72F32397800E67C62 /* Sources */,
				9895F7F82F32397800E67C62 /* Frameworks */,
				9895F7F92F32397800E67C62 /* Resources */,
			);
			buildRules = (
			);
			dependencies = (
				9895F7FD2F32397800E67C62 /* PBXTargetDependency */,
			);
			fileSystemSynchronizedGroups = (
				9895F7FE2F32397800E67C62 /* quickerUITests */,
			);
			name = quickerUITests;
			packageProductDependencies = (
			);
			productName = quickerUITests;
			productReference = 9895F7FB2F32397800E67C62 /* quickerUITests.xctest */;
			productType = "com.apple.product-type.bundle.ui-testing";
		};
/* End PBXNativeTarget section */

/* Begin PBXProject section */
		9895F7DA2F32397600E67C62 /* Project object */ = {
			isa = PBXProject;
			attributes = {
				BuildIndependentTargetsInParallel = 1;
				LastSwiftUpdateCheck = 2620;
				LastUpgradeCheck = 2620;
				TargetAttributes = {
					9895F7E12F32397600E67C62 = {
						CreatedOnToolsVersion = 26.2;
					};
					9895F7F02F32397800E67C62 = {
						CreatedOnToolsVersion = 26.2;
						TestTargetID = 9895F7E12F32397600E67C62;
					};
					9895F7FA2F32397800E67C62 = {
						CreatedOnToolsVersion = 26.2;
						TestTargetID = 9895F7E12F32397600E67C62;
					};
				};
			};
			buildConfigurationList = 9895F7DD2F32397600E67C62 /* Build configuration list for PBXProject "quicker" */;
			developmentRegion = en;
			hasScannedForEncodings = 0;
			knownRegions = (
				en,
				Base,
			);
			mainGroup = 9895F7D92F32397600E67C62;
			minimizedProjectReferenceProxies = 1;
			preferredProjectObjectVersion = 77;
			productRefGroup = 9895F7E32F32397600E67C62 /* Products */;
			projectDirPath = "";
			projectRoot = "";
			targets = (
				9895F7E12F32397600E67C62 /* quicker */,
				9895F7F02F32397800E67C62 /* quickerTests */,
				9895F7FA2F32397800E67C62 /* quickerUITests */,
			);
		};
/* End PBXProject section */

/* Begin PBXResourcesBuildPhase section */
		9895F7E02F32397600E67C62 /* Resources */ = {
			isa = PBXResourcesBuildPhase;
			buildActionMask = 2147483647;
			files = (
			);
			runOnlyForDeploymentPostprocessing = 0;
		};
		9895F7EF2F32397800E67C62 /* Resources */ = {
			isa = PBXResourcesBuildPhase;
			buildActionMask = 2147483647;
			files = (
			);
			runOnlyForDeploymentPostprocessing = 0;
		};
		9895F7F92F32397800E67C62 /* Resources */ = {
			isa = PBXResourcesBuildPhase;
			buildActionMask = 2147483647;
			files = (
			);
			runOnlyForDeploymentPostprocessing = 0;
		};
/* End PBXResourcesBuildPhase section */

/* Begin PBXSourcesBuildPhase section */
		9895F7DE2F32397600E67C62 /* Sources */ = {
			isa = PBXSourcesBuildPhase;
			buildActionMask = 2147483647;
			files = (
			);
			runOnlyForDeploymentPostprocessing = 0;
		};
		9895F7ED2F32397800E67C62 /* Sources */ = {
			isa = PBXSourcesBuildPhase;
			buildActionMask = 2147483647;
			files = (
			);
			runOnlyForDeploymentPostprocessing = 0;
		};
		9895F7F72F32397800E67C62 /* Sources */ = {
			isa = PBXSourcesBuildPhase;
			buildActionMask = 2147483647;
			files = (
			);
			runOnlyForDeploymentPostprocessing = 0;
		};
/* End PBXSourcesBuildPhase section */

/* Begin PBXTargetDependency section */
		9895F7F32F32397800E67C62 /* PBXTargetDependency */ = {
			isa = PBXTargetDependency;
			target = 9895F7E12F32397600E67C62 /* quicker */;
			targetProxy = 9895F7F22F32397800E67C62 /* PBXContainerItemProxy */;
		};
		9895F7FD2F32397800E67C62 /* PBXTargetDependency */ = {
			isa = PBXTargetDependency;
			target = 9895F7E12F32397600E67C62 /* quicker */;
			targetProxy = 9895F7FC2F32397800E67C62 /* PBXContainerItemProxy */;
		};
/* End PBXTargetDependency section */

/* Begin XCBuildConfiguration section */
		9895F8032F32397800E67C62 /* Debug */ = {
			isa = XCBuildConfiguration;
			buildSettings = {
				ALWAYS_SEARCH_USER_PATHS = NO;
				ASSETCATALOG_COMPILER_GENERATE_SWIFT_ASSET_SYMBOL_EXTENSIONS = YES;
				CLANG_ANALYZER_NONNULL = YES;
				CLANG_ANALYZER_NUMBER_OBJECT_CONVERSION = YES_AGGRESSIVE;
				CLANG_CXX_LANGUAGE_STANDARD = "gnu++20";
				CLANG_ENABLE_MODULES = YES;
				CLANG_ENABLE_OBJC_ARC = YES;
				CLANG_ENABLE_OBJC_WEAK = YES;
				CLANG_WARN_BLOCK_CAPTURE_AUTORELEASING = YES;
				CLANG_WARN_BOOL_CONVERSION = YES;
				CLANG_WARN_COMMA = YES;
				CLANG_WARN_CONSTANT_CONVERSION = YES;
				CLANG_WARN_DEPRECATED_OBJC_IMPLEMENTATIONS = YES;
				CLANG_WARN_DIRECT_OBJC_ISA_USAGE = YES_ERROR;
				CLANG_WARN_DOCUMENTATION_COMMENTS = YES;
				CLANG_WARN_EMPTY_BODY = YES;
				CLANG_WARN_ENUM_CONVERSION = YES;
				CLANG_WARN_INFINITE_RECURSION = YES;
				CLANG_WARN_INT_CONVERSION = YES;
				CLANG_WARN_NON_LITERAL_NULL_CONVERSION = YES;
				CLANG_WARN_OBJC_IMPLICIT_RETAIN_SELF = YES;
				CLANG_WARN_OBJC_LITERAL_CONVERSION = YES;
				CLANG_WARN_OBJC_ROOT_CLASS = YES_ERROR;
				CLANG_WARN_QUOTED_INCLUDE_IN_FRAMEWORK_HEADER = YES;
				CLANG_WARN_RANGE_LOOP_ANALYSIS = YES;
				CLANG_WARN_STRICT_PROTOTYPES = YES;
				CLANG_WARN_SUSPICIOUS_MOVE = YES;
				CLANG_WARN_UNGUARDED_AVAILABILITY = YES_AGGRESSIVE;
				CLANG_WARN_UNREACHABLE_CODE = YES;
				CLANG_WARN__DUPLICATE_METHOD_MATCH = YES;
				COPY_PHASE_STRIP = NO;
				DEBUG_INFORMATION_FORMAT = dwarf;
				DEVELOPMENT_TEAM = Z6LJFZJ9PR;
				ENABLE_STRICT_OBJC_MSGSEND = YES;
				ENABLE_TESTABILITY = YES;
				ENABLE_USER_SCRIPT_SANDBOXING = YES;
				GCC_C_LANGUAGE_STANDARD = gnu17;
				GCC_DYNAMIC_NO_PIC = NO;
				GCC_NO_COMMON_BLOCKS = YES;
				GCC_OPTIMIZATION_LEVEL = 0;
				GCC_PREPROCESSOR_DEFINITIONS = (
					"DEBUG=1",
					"$(inherited)",
				);
				GCC_WARN_64_TO_32_BIT_CONVERSION = YES;
				GCC_WARN_ABOUT_RETURN_TYPE = YES_ERROR;
				GCC_WARN_UNDECLARED_SELECTOR = YES;
				GCC_WARN_UNINITIALIZED_AUTOS = YES_AGGRESSIVE;
				GCC_WARN_UNUSED_FUNCTION = YES;
				GCC_WARN_UNUSED_VARIABLE = YES;
				LOCALIZATION_PREFERS_STRING_CATALOGS = YES;
					MACOSX_DEPLOYMENT_TARGET = 14.0;
				MTL_ENABLE_DEBUG_INFO = INCLUDE_SOURCE;
				MTL_FAST_MATH = YES;
				ONLY_ACTIVE_ARCH = YES;
				SDKROOT = macosx;
				SWIFT_ACTIVE_COMPILATION_CONDITIONS = "DEBUG $(inherited)";
				SWIFT_OPTIMIZATION_LEVEL = "-Onone";
			};
			name = Debug;
		};
		9895F8042F32397800E67C62 /* Release */ = {
			isa = XCBuildConfiguration;
			buildSettings = {
				ALWAYS_SEARCH_USER_PATHS = NO;
				ASSETCATALOG_COMPILER_GENERATE_SWIFT_ASSET_SYMBOL_EXTENSIONS = YES;
				CLANG_ANALYZER_NONNULL = YES;
				CLANG_ANALYZER_NUMBER_OBJECT_CONVERSION = YES_AGGRESSIVE;
				CLANG_CXX_LANGUAGE_STANDARD = "gnu++20";
				CLANG_ENABLE_MODULES = YES;
				CLANG_ENABLE_OBJC_ARC = YES;
				CLANG_ENABLE_OBJC_WEAK = YES;
				CLANG_WARN_BLOCK_CAPTURE_AUTORELEASING = YES;
				CLANG_WARN_BOOL_CONVERSION = YES;
				CLANG_WARN_COMMA = YES;
				CLANG_WARN_CONSTANT_CONVERSION = YES;
				CLANG_WARN_DEPRECATED_OBJC_IMPLEMENTATIONS = YES;
				CLANG_WARN_DIRECT_OBJC_ISA_USAGE = YES_ERROR;
				CLANG_WARN_DOCUMENTATION_COMMENTS = YES;
				CLANG_WARN_EMPTY_BODY = YES;
				CLANG_WARN_ENUM_CONVERSION = YES;
				CLANG_WARN_INFINITE_RECURSION = YES;
				CLANG_WARN_INT_CONVERSION = YES;
				CLANG_WARN_NON_LITERAL_NULL_CONVERSION = YES;
				CLANG_WARN_OBJC_IMPLICIT_RETAIN_SELF = YES;
				CLANG_WARN_OBJC_LITERAL_CONVERSION = YES;
				CLANG_WARN_OBJC_ROOT_CLASS = YES_ERROR;
				CLANG_WARN_QUOTED_INCLUDE_IN_FRAMEWORK_HEADER = YES;
				CLANG_WARN_RANGE_LOOP_ANALYSIS = YES;
				CLANG_WARN_STRICT_PROTOTYPES = YES;
				CLANG_WARN_SUSPICIOUS_MOVE = YES;
				CLANG_WARN_UNGUARDED_AVAILABILITY = YES_AGGRESSIVE;
				CLANG_WARN_UNREACHABLE_CODE = YES;
				CLANG_WARN__DUPLICATE_METHOD_MATCH = YES;
				COPY_PHASE_STRIP = NO;
				DEBUG_INFORMATION_FORMAT = "dwarf-with-dsym";
				DEVELOPMENT_TEAM = Z6LJFZJ9PR;
				ENABLE_NS_ASSERTIONS = NO;
				ENABLE_STRICT_OBJC_MSGSEND = YES;
				ENABLE_USER_SCRIPT_SANDBOXING = YES;
				GCC_C_LANGUAGE_STANDARD = gnu17;
				GCC_NO_COMMON_BLOCKS = YES;
				GCC_WARN_64_TO_32_BIT_CONVERSION = YES;
				GCC_WARN_ABOUT_RETURN_TYPE = YES_ERROR;
				GCC_WARN_UNDECLARED_SELECTOR = YES;
				GCC_WARN_UNINITIALIZED_AUTOS = YES_AGGRESSIVE;
				GCC_WARN_UNUSED_FUNCTION = YES;
				GCC_WARN_UNUSED_VARIABLE = YES;
				LOCALIZATION_PREFERS_STRING_CATALOGS = YES;
					MACOSX_DEPLOYMENT_TARGET = 14.0;
				MTL_ENABLE_DEBUG_INFO = NO;
				MTL_FAST_MATH = YES;
				SDKROOT = macosx;
				SWIFT_COMPILATION_MODE = wholemodule;
			};
			name = Release;
		};
		9895F8062F32397800E67C62 /* Debug */ = {
			isa = XCBuildConfiguration;
			buildSettings = {
				ASSETCATALOG_COMPILER_APPICON_NAME = AppIcon;
				ASSETCATALOG_COMPILER_GLOBAL_ACCENT_COLOR_NAME = AccentColor;
				CODE_SIGN_STYLE = Automatic;
				COMBINE_HIDPI_IMAGES = YES;
				CURRENT_PROJECT_VERSION = 1;
				DEVELOPMENT_TEAM = Z6LJFZJ9PR;
				ENABLE_APP_SANDBOX = YES;
				ENABLE_HARDENED_RUNTIME = YES;
				ENABLE_PREVIEWS = YES;
				ENABLE_USER_SELECTED_FILES = readonly;
					GENERATE_INFOPLIST_FILE = YES;
					INFOPLIST_KEY_LSUIElement = YES;
					INFOPLIST_KEY_NSHumanReadableCopyright = "";
				LD_RUNPATH_SEARCH_PATHS = (
					"$(inherited)",
					"@executable_path/../Frameworks",
				);
				MARKETING_VERSION = 1.0;
				PRODUCT_BUNDLE_IDENTIFIER = space.bryanhu.quicker;
				PRODUCT_NAME = "$(TARGET_NAME)";
				REGISTER_APP_GROUPS = YES;
				STRING_CATALOG_GENERATE_SYMBOLS = YES;
					SWIFT_APPROACHABLE_CONCURRENCY = YES;
					SWIFT_EMIT_LOC_STRINGS = YES;
				SWIFT_UPCOMING_FEATURE_MEMBER_IMPORT_VISIBILITY = YES;
				SWIFT_VERSION = 5.0;
			};
			name = Debug;
		};
		9895F8072F32397800E67C62 /* Release */ = {
			isa = XCBuildConfiguration;
			buildSettings = {
				ASSETCATALOG_COMPILER_APPICON_NAME = AppIcon;
				ASSETCATALOG_COMPILER_GLOBAL_ACCENT_COLOR_NAME = AccentColor;
				CODE_SIGN_STYLE = Automatic;
				COMBINE_HIDPI_IMAGES = YES;
				CURRENT_PROJECT_VERSION = 1;
				DEVELOPMENT_TEAM = Z6LJFZJ9PR;
				ENABLE_APP_SANDBOX = YES;
				ENABLE_HARDENED_RUNTIME = YES;
				ENABLE_PREVIEWS = YES;
				ENABLE_USER_SELECTED_FILES = readonly;
					GENERATE_INFOPLIST_FILE = YES;
					INFOPLIST_KEY_LSUIElement = YES;
					INFOPLIST_KEY_NSHumanReadableCopyright = "";
				LD_RUNPATH_SEARCH_PATHS = (
					"$(inherited)",
					"@executable_path/../Frameworks",
				);
				MARKETING_VERSION = 1.0;
				PRODUCT_BUNDLE_IDENTIFIER = space.bryanhu.quicker;
				PRODUCT_NAME = "$(TARGET_NAME)";
				REGISTER_APP_GROUPS = YES;
				STRING_CATALOG_GENERATE_SYMBOLS = YES;
					SWIFT_APPROACHABLE_CONCURRENCY = YES;
					SWIFT_EMIT_LOC_STRINGS = YES;
				SWIFT_UPCOMING_FEATURE_MEMBER_IMPORT_VISIBILITY = YES;
				SWIFT_VERSION = 5.0;
			};
			name = Release;
		};
		9895F8092F32397800E67C62 /* Debug */ = {
			isa = XCBuildConfiguration;
			buildSettings = {
				BUNDLE_LOADER = "$(TEST_HOST)";
				CODE_SIGN_STYLE = Automatic;
				CURRENT_PROJECT_VERSION = 1;
				DEVELOPMENT_TEAM = Z6LJFZJ9PR;
				GENERATE_INFOPLIST_FILE = YES;
					MACOSX_DEPLOYMENT_TARGET = 14.0;
				MARKETING_VERSION = 1.0;
				PRODUCT_BUNDLE_IDENTIFIER = space.bryanhu.quickerTests;
				PRODUCT_NAME = "$(TARGET_NAME)";
				STRING_CATALOG_GENERATE_SYMBOLS = NO;
				SWIFT_APPROACHABLE_CONCURRENCY = YES;
				SWIFT_EMIT_LOC_STRINGS = NO;
				SWIFT_UPCOMING_FEATURE_MEMBER_IMPORT_VISIBILITY = YES;
				SWIFT_VERSION = 5.0;
				TEST_HOST = "$(BUILT_PRODUCTS_DIR)/quicker.app/$(BUNDLE_EXECUTABLE_FOLDER_PATH)/quicker";
			};
			name = Debug;
		};
		9895F80A2F32397800E67C62 /* Release */ = {
			isa = XCBuildConfiguration;
			buildSettings = {
				BUNDLE_LOADER = "$(TEST_HOST)";
				CODE_SIGN_STYLE = Automatic;
				CURRENT_PROJECT_VERSION = 1;
				DEVELOPMENT_TEAM = Z6LJFZJ9PR;
				GENERATE_INFOPLIST_FILE = YES;
					MACOSX_DEPLOYMENT_TARGET = 14.0;
				MARKETING_VERSION = 1.0;
				PRODUCT_BUNDLE_IDENTIFIER = space.bryanhu.quickerTests;
				PRODUCT_NAME = "$(TARGET_NAME)";
				STRING_CATALOG_GENERATE_SYMBOLS = NO;
				SWIFT_APPROACHABLE_CONCURRENCY = YES;
				SWIFT_EMIT_LOC_STRINGS = NO;
				SWIFT_UPCOMING_FEATURE_MEMBER_IMPORT_VISIBILITY = YES;
				SWIFT_VERSION = 5.0;
				TEST_HOST = "$(BUILT_PRODUCTS_DIR)/quicker.app/$(BUNDLE_EXECUTABLE_FOLDER_PATH)/quicker";
			};
			name = Release;
		};
		9895F80C2F32397800E67C62 /* Debug */ = {
			isa = XCBuildConfiguration;
			buildSettings = {
				CODE_SIGN_STYLE = Automatic;
				CURRENT_PROJECT_VERSION = 1;
				DEVELOPMENT_TEAM = Z6LJFZJ9PR;
				GENERATE_INFOPLIST_FILE = YES;
				MARKETING_VERSION = 1.0;
				PRODUCT_BUNDLE_IDENTIFIER = space.bryanhu.quickerUITests;
				PRODUCT_NAME = "$(TARGET_NAME)";
				STRING_CATALOG_GENERATE_SYMBOLS = NO;
				SWIFT_APPROACHABLE_CONCURRENCY = YES;
				SWIFT_EMIT_LOC_STRINGS = NO;
				SWIFT_UPCOMING_FEATURE_MEMBER_IMPORT_VISIBILITY = YES;
				SWIFT_VERSION = 5.0;
				TEST_TARGET_NAME = quicker;
			};
			name = Debug;
		};
		9895F80D2F32397800E67C62 /* Release */ = {
			isa = XCBuildConfiguration;
			buildSettings = {
				CODE_SIGN_STYLE = Automatic;
				CURRENT_PROJECT_VERSION = 1;
				DEVELOPMENT_TEAM = Z6LJFZJ9PR;
				GENERATE_INFOPLIST_FILE = YES;
				MARKETING_VERSION = 1.0;
				PRODUCT_BUNDLE_IDENTIFIER = space.bryanhu.quickerUITests;
				PRODUCT_NAME = "$(TARGET_NAME)";
				STRING_CATALOG_GENERATE_SYMBOLS = NO;
				SWIFT_APPROACHABLE_CONCURRENCY = YES;
				SWIFT_EMIT_LOC_STRINGS = NO;
				SWIFT_UPCOMING_FEATURE_MEMBER_IMPORT_VISIBILITY = YES;
				SWIFT_VERSION = 5.0;
				TEST_TARGET_NAME = quicker;
			};
			name = Release;
		};
/* End XCBuildConfiguration section */

/* Begin XCConfigurationList section */
		9895F7DD2F32397600E67C62 /* Build configuration list for PBXProject "quicker" */ = {
			isa = XCConfigurationList;
			buildConfigurations = (
				9895F8032F32397800E67C62 /* Debug */,
				9895F8042F32397800E67C62 /* Release */,
			);
			defaultConfigurationIsVisible = 0;
			defaultConfigurationName = Release;
		};
		9895F8052F32397800E67C62 /* Build configuration list for PBXNativeTarget "quicker" */ = {
			isa = XCConfigurationList;
			buildConfigurations = (
				9895F8062F32397800E67C62 /* Debug */,
				9895F8072F32397800E67C62 /* Release */,
			);
			defaultConfigurationIsVisible = 0;
			defaultConfigurationName = Release;
		};
		9895F8082F32397800E67C62 /* Build configuration list for PBXNativeTarget "quickerTests" */ = {
			isa = XCConfigurationList;
			buildConfigurations = (
				9895F8092F32397800E67C62 /* Debug */,
				9895F80A2F32397800E67C62 /* Release */,
			);
			defaultConfigurationIsVisible = 0;
			defaultConfigurationName = Release;
		};
		9895F80B2F32397800E67C62 /* Build configuration list for PBXNativeTarget "quickerUITests" */ = {
			isa = XCConfigurationList;
			buildConfigurations = (
				9895F80C2F32397800E67C62 /* Debug */,
				9895F80D2F32397800E67C62 /* Release */,
			);
			defaultConfigurationIsVisible = 0;
			defaultConfigurationName = Release;
		};
/* End XCConfigurationList section */
	};
	rootObject = 9895F7DA2F32397600E67C62 /* Project object */;
}
